
Microsoft Visual Studio Solution File, Format Version 12.00
# Visual Studio Version 17
VisualStudioVersion = 17.5.33414.496
MinimumVisualStudioVersion = 10.0.40219.1
Project("{FAE04EC0-301F-11D3-BF4B-00C04F79EFBC}") = "Myblog", "Myblog\Myblog.csproj", "{A5F5B411-7855-494E-844E-39A5734888C2}"
EndProject
Global
	GlobalSection(SolutionConfigurationPlatforms) = preSolution
		Debug|Any CPU = Debug|Any CPU
		Release|Any CPU = Release|Any CPU
	EndGlobalSection
	GlobalSection(ProjectConfigurationPlatforms) = postSolution
		{A5F5B411-7855-494E-844E-39A5734888C2}.Debug|Any CPU.ActiveCfg = Debug|Any CPU
		{A5F5B411-7855-494E-844E-39A5734888C2}.Debug|Any CPU.Build.0 = Debug|Any CPU
		{A5F5B411-7855-494E-844E-39A5734888C2}.Release|Any CPU.ActiveCfg = Release|Any CPU
		{A5F5B411-7855-494E-844E-39A5734888C2}.Release|Any CPU.Build.0 = Release|Any CPU
	EndGlobalSection
	GlobalSection(SolutionProperties) = preSolution
		HideSolutionNode = FALSE
	EndGlobalSection
	GlobalSection(ExtensibilityGlobals) = postSolution
		SolutionGuid = {F9FE2E08-F622-4D21-B95C-BAD477F2593E}
	EndGlobalSection
EndGlobal
